
Microsoft Visual Studio Solution File, Format Version 12.00
# Visual Studio Version 16
VisualStudioVersion = 16.0.29020.237
MinimumVisualStudioVersion = 10.0.40219.1
Project("{888888A0-9F3D-457C-B088-3A5042F75D52}") = "cv", "cv\cv.pyproj", "{8E855E00-AFED-4740-8386-DB6D9D8B826C}"
EndProject
Global
	GlobalSection(SolutionConfigurationPlatforms) = preSolution
		Debug|Any CPU = Debug|Any CPU
		Release|Any CPU = Release|Any CPU
	EndGlobalSection
	GlobalSection(ProjectConfigurationPlatforms) = postSolution
		{8E855E00-AFED-4740-8386-DB6D9D8B826C}.Debug|Any CPU.ActiveCfg = Debug|Any CPU
		{8E855E00-AFED-4740-8386-DB6D9D8B826C}.Release|Any CPU.ActiveCfg = Release|Any CPU
	EndGlobalSection
	GlobalSection(SolutionProperties) = preSolution
		HideSolutionNode = FALSE
	EndGlobalSection
	GlobalSection(ExtensibilityGlobals) = postSolution
		SolutionGuid = {2E66595B-17FE-4AF0-8719-9D6BE5B5F239}
	EndGlobalSection
EndGlobal
